
Microsoft Visual Studio Solution File, Format Version 12.00
# Visual Studio Version 17
VisualStudioVersion = 17.8.34330.188
MinimumVisualStudioVersion = 10.0.40219.1
Project("{FAE04EC0-301F-11D3-BF4B-00C04F79EFBC}") = "WebMailer", "WebMailer\WebMailer.csproj", "{3D9D3341-2CB0-4688-BD94-074ED500E2A9}"
EndProject
Global
	GlobalSection(SolutionConfigurationPlatforms) = preSolution
		Debug|Any CPU = Debug|Any CPU
		Release|Any CPU = Release|Any CPU
	EndGlobalSection
	GlobalSection(ProjectConfigurationPlatforms) = postSolution
		{3D9D3341-2CB0-4688-BD94-074ED500E2A9}.Debug|Any CPU.ActiveCfg = Debug|Any CPU
		{3D9D3341-2CB0-4688-BD94-074ED500E2A9}.Debug|Any CPU.Build.0 = Debug|Any CPU
		{3D9D3341-2CB0-4688-BD94-074ED500E2A9}.Release|Any CPU.ActiveCfg = Release|Any CPU
		{3D9D3341-2CB0-4688-BD94-074ED500E2A9}.Release|Any CPU.Build.0 = Release|Any CPU
	EndGlobalSection
	GlobalSection(SolutionProperties) = preSolution
		HideSolutionNode = FALSE
	EndGlobalSection
	GlobalSection(ExtensibilityGlobals) = postSolution
		SolutionGuid = {81F3C23B-3D60-4C7E-84C4-9F4532B4B9CC}
	EndGlobalSection
EndGlobal
